
Microsoft Visual Studio Solution File, Format Version 12.00
# Visual Studio Version 17
VisualStudioVersion = 17.4.33122.133
MinimumVisualStudioVersion = 10.0.40219.1
Project("{9A19103F-16F7-4668-BE54-9A1E7A4F7556}") = "GrammaticalEvolution_Common", "GrammaticalEvolution_Common\GrammaticalEvolution_Common.csproj", "{FBD796CA-686C-4165-9407-82CBA2922300}"
EndProject
Project("{9A19103F-16F7-4668-BE54-9A1E7A4F7556}") = "GrammaticalEvolution_UnitTests", "GrammaticalEvolution_UnitTests\GrammaticalEvolution_UnitTests.csproj", "{AF8A7E57-4253-4B5E-BE9D-52A9A001939E}"
EndProject
Project("{9A19103F-16F7-4668-BE54-9A1E7A4F7556}") = "GrammaticalEvolution", "GrammaticalEvolution\GrammaticalEvolution.csproj", "{D3AFB684-3695-433E-AC26-819B5BE817CD}"
EndProject
Project("{9A19103F-16F7-4668-BE54-9A1E7A4F7556}") = "GrammaticalEvolution_Visualization", "GrammaticalEvolution_Visualization\GrammaticalEvolution_Visualization.csproj", "{E8C45DFD-D4A0-429E-9F39-5CB38D589FED}"
EndProject
Global
	GlobalSection(SolutionConfigurationPlatforms) = preSolution
		Debug|Any CPU = Debug|Any CPU
		Release|Any CPU = Release|Any CPU
	EndGlobalSection
	GlobalSection(ProjectConfigurationPlatforms) = postSolution
		{FBD796CA-686C-4165-9407-82CBA2922300}.Debug|Any CPU.ActiveCfg = Debug|Any CPU
		{FBD796CA-686C-4165-9407-82CBA2922300}.Debug|Any CPU.Build.0 = Debug|Any CPU
		{FBD796CA-686C-4165-9407-82CBA2922300}.Release|Any CPU.ActiveCfg = Release|Any CPU
		{FBD796CA-686C-4165-9407-82CBA2922300}.Release|Any CPU.Build.0 = Release|Any CPU
		{AF8A7E57-4253-4B5E-BE9D-52A9A001939E}.Debug|Any CPU.ActiveCfg = Debug|Any CPU
		{AF8A7E57-4253-4B5E-BE9D-52A9A001939E}.Debug|Any CPU.Build.0 = Debug|Any CPU
		{AF8A7E57-4253-4B5E-BE9D-52A9A001939E}.Release|Any CPU.ActiveCfg = Release|Any CPU
		{AF8A7E57-4253-4B5E-BE9D-52A9A001939E}.Release|Any CPU.Build.0 = Release|Any CPU
		{D3AFB684-3695-433E-AC26-819B5BE817CD}.Debug|Any CPU.ActiveCfg = Debug|Any CPU
		{D3AFB684-3695-433E-AC26-819B5BE817CD}.Debug|Any CPU.Build.0 = Debug|Any CPU
		{D3AFB684-3695-433E-AC26-819B5BE817CD}.Release|Any CPU.ActiveCfg = Release|Any CPU
		{D3AFB684-3695-433E-AC26-819B5BE817CD}.Release|Any CPU.Build.0 = Release|Any CPU
		{E8C45DFD-D4A0-429E-9F39-5CB38D589FED}.Debug|Any CPU.ActiveCfg = Debug|Any CPU
		{E8C45DFD-D4A0-429E-9F39-5CB38D589FED}.Debug|Any CPU.Build.0 = Debug|Any CPU
		{E8C45DFD-D4A0-429E-9F39-5CB38D589FED}.Release|Any CPU.ActiveCfg = Release|Any CPU
		{E8C45DFD-D4A0-429E-9F39-5CB38D589FED}.Release|Any CPU.Build.0 = Release|Any CPU
	EndGlobalSection
	GlobalSection(SolutionProperties) = preSolution
		HideSolutionNode = FALSE
	EndGlobalSection
	GlobalSection(ExtensibilityGlobals) = postSolution
		SolutionGuid = {43CCB98E-A48A-41F5-A313-4529B1EFD1C7}
	EndGlobalSection
EndGlobal
